// !$*UTF8*$!
{
	archiveVersion = 1;
	classes = {
	};
	objectVersion = 55;
	objects = {

/* Begin PBXBuildFile section */
		7743A3DC28AE0DE70089B473 /* LoginViewController.swift in Sources */ = {isa = PBXBuildFile; fileRef = 7743A3DB28AE0DE70089B473 /* LoginViewController.swift */; };
		7743A3DF28AE0E130089B473 /* SnapKit in Frameworks */ = {isa = PBXBuildFile; productRef = 7743A3DE28AE0E130089B473 /* SnapKit */; };
		7743A3E228AE0E260089B473 /* Then in Frameworks */ = {isa = PBXBuildFile; productRef = 7743A3E128AE0E260089B473 /* Then */; };
		7743A3EE28AE17A70089B473 /* Kreon-Bold.ttf in Resources */ = {isa = PBXBuildFile; fileRef = 7743A3E928AE17A70089B473 /* Kreon-Bold.ttf */; };
		7743A3EF28AE17A70089B473 /* Kreon-Light.ttf in Resources */ = {isa = PBXBuildFile; fileRef = 7743A3EA28AE17A70089B473 /* Kreon-Light.ttf */; };
		7743A3F028AE17A70089B473 /* Kreon-Medium.ttf in Resources */ = {isa = PBXBuildFile; fileRef = 7743A3EB28AE17A70089B473 /* Kreon-Medium.ttf */; };
		7743A3F128AE17A70089B473 /* Kreon-SemiBold.ttf in Resources */ = {isa = PBXBuildFile; fileRef = 7743A3EC28AE17A70089B473 /* Kreon-SemiBold.ttf */; };
		7743A3F228AE17A70089B473 /* Kreon-Regular.ttf in Resources */ = {isa = PBXBuildFile; fileRef = 7743A3ED28AE17A70089B473 /* Kreon-Regular.ttf */; };
		7743A3F428AF83450089B473 /* SignInViewController.swift in Sources */ = {isa = PBXBuildFile; fileRef = 7743A3F328AF83450089B473 /* SignInViewController.swift */; };
		7743A3F628AF83510089B473 /* SignUpViewController.swift in Sources */ = {isa = PBXBuildFile; fileRef = 7743A3F528AF83510089B473 /* SignUpViewController.swift */; };
		7743A40028B0C6720089B473 /* ForgotPwViewController.swift in Sources */ = {isa = PBXBuildFile; fileRef = 7743A3FF28B0C6720089B473 /* ForgotPwViewController.swift */; };
		7743A40628B27A330089B473 /* DropDown in Frameworks */ = {isa = PBXBuildFile; productRef = 7743A40528B27A330089B473 /* DropDown */; };
		77606FB428C4E10E00A53D91 /* Moya in Frameworks */ = {isa = PBXBuildFile; productRef = 77606FB328C4E10E00A53D91 /* Moya */; };
		77606FB628C5F4FB00A53D91 /* Service.swift in Sources */ = {isa = PBXBuildFile; fileRef = 77606FB528C5F4FB00A53D91 /* Service.swift */; };
		77606FBA28C76B8000A53D91 /* Model.swift in Sources */ = {isa = PBXBuildFile; fileRef = 77606FB928C76B8000A53D91 /* Model.swift */; };
		77606FBC28C7901C00A53D91 /* Request.swift in Sources */ = {isa = PBXBuildFile; fileRef = 77606FBB28C7901C00A53D91 /* Request.swift */; };
		77606FBE28C792D600A53D91 /* MainViewController.swift in Sources */ = {isa = PBXBuildFile; fileRef = 77606FBD28C792D600A53D91 /* MainViewController.swift */; };
		779FD8B3289BA39C0093B90F /* AppDelegate.swift in Sources */ = {isa = PBXBuildFile; fileRef = 779FD8B2289BA39C0093B90F /* AppDelegate.swift */; };
		779FD8B5289BA39C0093B90F /* SceneDelegate.swift in Sources */ = {isa = PBXBuildFile; fileRef = 779FD8B4289BA39C0093B90F /* SceneDelegate.swift */; };
		779FD8BC289BA39E0093B90F /* Assets.xcassets in Resources */ = {isa = PBXBuildFile; fileRef = 779FD8BB289BA39E0093B90F /* Assets.xcassets */; };
		779FD8BF289BA39E0093B90F /* LaunchScreen.storyboard in Resources */ = {isa = PBXBuildFile; fileRef = 779FD8BD289BA39E0093B90F /* LaunchScreen.storyboard */; };
/* End PBXBuildFile section */

/* Begin PBXFileReference section */
		7743A3DB28AE0DE70089B473 /* LoginViewController.swift */ = {isa = PBXFileReference; lastKnownFileType = sourcecode.swift; path = LoginViewController.swift; sourceTree = "<group>"; };
		7743A3E928AE17A70089B473 /* Kreon-Bold.ttf */ = {isa = PBXFileReference; lastKnownFileType = file; path = "Kreon-Bold.ttf"; sourceTree = "<group>"; };
		7743A3EA28AE17A70089B473 /* Kreon-Light.ttf */ = {isa = PBXFileReference; lastKnownFileType = file; path = "Kreon-Light.ttf"; sourceTree = "<group>"; };
		7743A3EB28AE17A70089B473 /* Kreon-Medium.ttf */ = {isa = PBXFileReference; lastKnownFileType = file; path = "Kreon-Medium.ttf"; sourceTree = "<group>"; };
		7743A3EC28AE17A70089B473 /* Kreon-SemiBold.ttf */ = {isa = PBXFileReference; lastKnownFileType = file; path = "Kreon-SemiBold.ttf"; sourceTree = "<group>"; };
		7743A3ED28AE17A70089B473 /* Kreon-Regular.ttf */ = {isa = PBXFileReference; lastKnownFileType = file; path = "Kreon-Regular.ttf"; sourceTree = "<group>"; };
		7743A3F328AF83450089B473 /* SignInViewController.swift */ = {isa = PBXFileReference; lastKnownFileType = sourcecode.swift; path = SignInViewController.swift; sourceTree = "<group>"; };
		7743A3F528AF83510089B473 /* SignUpViewController.swift */ = {isa = PBXFileReference; lastKnownFileType = sourcecode.swift; path = SignUpViewController.swift; sourceTree = "<group>"; };
		7743A3FF28B0C6720089B473 /* ForgotPwViewController.swift */ = {isa = PBXFileReference; lastKnownFileType = sourcecode.swift; path = ForgotPwViewController.swift; sourceTree = "<group>"; };
		77606FB528C5F4FB00A53D91 /* Service.swift */ = {isa = PBXFileReference; lastKnownFileType = sourcecode.swift; path = Service.swift; sourceTree = "<group>"; };
		77606FB928C76B8000A53D91 /* Model.swift */ = {isa = PBXFileReference; lastKnownFileType = sourcecode.swift; path = Model.swift; sourceTree = "<group>"; };
		77606FBB28C7901C00A53D91 /* Request.swift */ = {isa = PBXFileReference; lastKnownFileType = sourcecode.swift; path = Request.swift; sourceTree = "<group>"; };
		77606FBD28C792D600A53D91 /* MainViewController.swift */ = {isa = PBXFileReference; lastKnownFileType = sourcecode.swift; path = MainViewController.swift; sourceTree = "<group>"; };
		779FD8AF289BA39C0093B90F /* Job-GSM.app */ = {isa = PBXFileReference; explicitFileType = wrapper.application; includeInIndex = 0; path = "Job-GSM.app"; sourceTree = BUILT_PRODUCTS_DIR; };
		779FD8B2289BA39C0093B90F /* AppDelegate.swift */ = {isa = PBXFileReference; lastKnownFileType = sourcecode.swift; path = AppDelegate.swift; sourceTree = "<group>"; };
		779FD8B4289BA39C0093B90F /* SceneDelegate.swift */ = {isa = PBXFileReference; lastKnownFileType = sourcecode.swift; path = SceneDelegate.swift; sourceTree = "<group>"; };
		779FD8BB289BA39E0093B90F /* Assets.xcassets */ = {isa = PBXFileReference; lastKnownFileType = folder.assetcatalog; path = Assets.xcassets; sourceTree = "<group>"; };
		779FD8BE289BA39E0093B90F /* Base */ = {isa = PBXFileReference; lastKnownFileType = file.storyboard; name = Base; path = Base.lproj/LaunchScreen.storyboard; sourceTree = "<group>"; };
		779FD8C0289BA39E0093B90F /* Info.plist */ = {isa = PBXFileReference; lastKnownFileType = text.plist.xml; path = Info.plist; sourceTree = "<group>"; };
/* End PBXFileReference section */

/* Begin PBXFrameworksBuildPhase section */
		779FD8AC289BA39C0093B90F /* Frameworks */ = {
			isa = PBXFrameworksBuildPhase;
			buildActionMask = 2147483647;
			files = (
				7743A3DF28AE0E130089B473 /* SnapKit in Frameworks */,
				7743A40628B27A330089B473 /* DropDown in Frameworks */,
				77606FB428C4E10E00A53D91 /* Moya in Frameworks */,
				7743A3E228AE0E260089B473 /* Then in Frameworks */,
			);
			runOnlyForDeploymentPostprocessing = 0;
		};
/* End PBXFrameworksBuildPhase section */

/* Begin PBXGroup section */
		77606FBF28C797C700A53D91 /* VCs */ = {
			isa = PBXGroup;
			children = (
				77606FC228C7988900A53D91 /* Main */,
				77606FC128C7984E00A53D91 /* Auth */,
			);
			path = VCs;
			sourceTree = "<group>";
		};
		77606FC028C797E100A53D91 /* font */ = {
			isa = PBXGroup;
			children = (
				7743A3E928AE17A70089B473 /* Kreon-Bold.ttf */,
				7743A3EA28AE17A70089B473 /* Kreon-Light.ttf */,
				7743A3EB28AE17A70089B473 /* Kreon-Medium.ttf */,
				7743A3ED28AE17A70089B473 /* Kreon-Regular.ttf */,
				7743A3EC28AE17A70089B473 /* Kreon-SemiBold.ttf */,
			);
			path = font;
			sourceTree = "<group>";
		};
		77606FC128C7984E00A53D91 /* Auth */ = {
			isa = PBXGroup;
			children = (
				7743A3DB28AE0DE70089B473 /* LoginViewController.swift */,
				7743A3F328AF83450089B473 /* SignInViewController.swift */,
				7743A3F528AF83510089B473 /* SignUpViewController.swift */,
				7743A3FF28B0C6720089B473 /* ForgotPwViewController.swift */,
			);
			path = Auth;
			sourceTree = "<group>";
		};
		77606FC228C7988900A53D91 /* Main */ = {
			isa = PBXGroup;
			children = (
				77606FBD28C792D600A53D91 /* MainViewController.swift */,
			);
			path = Main;
			sourceTree = "<group>";
		};
		77606FC428C7990700A53D91 /* networking */ = {
			isa = PBXGroup;
			children = (
				77606FB528C5F4FB00A53D91 /* Service.swift */,
				77606FB928C76B8000A53D91 /* Model.swift */,
				77606FBB28C7901C00A53D91 /* Request.swift */,
			);
			path = networking;
			sourceTree = "<group>";
		};
		779FD8A6289BA39C0093B90F = {
			isa = PBXGroup;
			children = (
				779FD8B1289BA39C0093B90F /* Job-GSM */,
				779FD8B0289BA39C0093B90F /* Products */,
			);
			sourceTree = "<group>";
		};
		779FD8B0289BA39C0093B90F /* Products */ = {
			isa = PBXGroup;
			children = (
				779FD8AF289BA39C0093B90F /* Job-GSM.app */,
			);
			name = Products;
			sourceTree = "<group>";
		};
		779FD8B1289BA39C0093B90F /* Job-GSM */ = {
			isa = PBXGroup;
			children = (
				77606FC428C7990700A53D91 /* networking */,
				77606FC028C797E100A53D91 /* font */,
				77606FBF28C797C700A53D91 /* VCs */,
				779FD8B2289BA39C0093B90F /* AppDelegate.swift */,
				779FD8B4289BA39C0093B90F /* SceneDelegate.swift */,
				779FD8BB289BA39E0093B90F /* Assets.xcassets */,
				779FD8BD289BA39E0093B90F /* LaunchScreen.storyboard */,
				779FD8C0289BA39E0093B90F /* Info.plist */,
			);
			path = "Job-GSM";
			sourceTree = "<group>";
		};
/* End PBXGroup section */

/* Begin PBXNativeTarget section */
		779FD8AE289BA39C0093B90F /* Job-GSM */ = {
			isa = PBXNativeTarget;
			buildConfigurationList = 779FD8C3289BA39E0093B90F /* Build configuration list for PBXNativeTarget "Job-GSM" */;
			buildPhases = (
				779FD8AB289BA39C0093B90F /* Sources */,
				779FD8AC289BA39C0093B90F /* Frameworks */,
				779FD8AD289BA39C0093B90F /* Resources */,
			);
			buildRules = (
			);
			dependencies = (
			);
			name = "Job-GSM";
			packageProductDependencies = (
				7743A3DE28AE0E130089B473 /* SnapKit */,
				7743A3E128AE0E260089B473 /* Then */,
				7743A40528B27A330089B473 /* DropDown */,
				77606FB328C4E10E00A53D91 /* Moya */,
			);
			productName = "Job-GSM";
			productReference = 779FD8AF289BA39C0093B90F /* Job-GSM.app */;
			productType = "com.apple.product-type.application";
		};
/* End PBXNativeTarget section */

/* Begin PBXProject section */
		779FD8A7289BA39C0093B90F /* Project object */ = {
			isa = PBXProject;
			attributes = {
				BuildIndependentTargetsInParallel = 1;
				LastSwiftUpdateCheck = 1340;
				LastUpgradeCheck = 1340;
				TargetAttributes = {
					779FD8AE289BA39C0093B90F = {
						CreatedOnToolsVersion = 13.4.1;
					};
				};
			};
			buildConfigurationList = 779FD8AA289BA39C0093B90F /* Build configuration list for PBXProject "Job-GSM" */;
			compatibilityVersion = "Xcode 13.0";
			developmentRegion = en;
			hasScannedForEncodings = 0;
			knownRegions = (
				en,
				Base,
			);
			mainGroup = 779FD8A6289BA39C0093B90F;
			packageReferences = (
				7743A3DD28AE0E130089B473 /* XCRemoteSwiftPackageReference "SnapKit" */,
				7743A3E028AE0E260089B473 /* XCRemoteSwiftPackageReference "Then" */,
				7743A40328B27A110089B473 /* XCRemoteSwiftPackageReference "DropDown" */,
				7743A40428B27A330089B473 /* XCRemoteSwiftPackageReference "DropDown" */,
				77606FB228C4E10E00A53D91 /* XCRemoteSwiftPackageReference "Moya" */,
			);
			productRefGroup = 779FD8B0289BA39C0093B90F /* Products */;
			projectDirPath = "";
			projectRoot = "";
			targets = (
				779FD8AE289BA39C0093B90F /* Job-GSM */,
			);
		};
/* End PBXProject section */

/* Begin PBXResourcesBuildPhase section */
		779FD8AD289BA39C0093B90F /* Resources */ = {
			isa = PBXResourcesBuildPhase;
			buildActionMask = 2147483647;
			files = (
				7743A3F028AE17A70089B473 /* Kreon-Medium.ttf in Resources */,
				7743A3F128AE17A70089B473 /* Kreon-SemiBold.ttf in Resources */,
				7743A3F228AE17A70089B473 /* Kreon-Regular.ttf in Resources */,
				779FD8BF289BA39E0093B90F /* LaunchScreen.storyboard in Resources */,
				7743A3EF28AE17A70089B473 /* Kreon-Light.ttf in Resources */,
				7743A3EE28AE17A70089B473 /* Kreon-Bold.ttf in Resources */,
				779FD8BC289BA39E0093B90F /* Assets.xcassets in Resources */,
			);
			runOnlyForDeploymentPostprocessing = 0;
		};
/* End PBXResourcesBuildPhase section */

/* Begin PBXSourcesBuildPhase section */
		779FD8AB289BA39C0093B90F /* Sources */ = {
			isa = PBXSourcesBuildPhase;
			buildActionMask = 2147483647;
			files = (
				77606FBA28C76B8000A53D91 /* Model.swift in Sources */,
				7743A3F628AF83510089B473 /* SignUpViewController.swift in Sources */,
				77606FB628C5F4FB00A53D91 /* Service.swift in Sources */,
				7743A3DC28AE0DE70089B473 /* LoginViewController.swift in Sources */,
				7743A40028B0C6720089B473 /* ForgotPwViewController.swift in Sources */,
				779FD8B3289BA39C0093B90F /* AppDelegate.swift in Sources */,
				77606FBC28C7901C00A53D91 /* Request.swift in Sources */,
				7743A3F428AF83450089B473 /* SignInViewController.swift in Sources */,
				779FD8B5289BA39C0093B90F /* SceneDelegate.swift in Sources */,
				77606FBE28C792D600A53D91 /* MainViewController.swift in Sources */,
			);
			runOnlyForDeploymentPostprocessing = 0;
		};
/* End PBXSourcesBuildPhase section */

/* Begin PBXVariantGroup section */
		779FD8BD289BA39E0093B90F /* LaunchScreen.storyboard */ = {
			isa = PBXVariantGroup;
			children = (
				779FD8BE289BA39E0093B90F /* Base */,
			);
			name = LaunchScreen.storyboard;
			sourceTree = "<group>";
		};
/* End PBXVariantGroup section */

/* Begin XCBuildConfiguration section */
		779FD8C1289BA39E0093B90F /* Debug */ = {
			isa = XCBuildConfiguration;
			buildSettings = {
				ALWAYS_SEARCH_USER_PATHS = NO;
				CLANG_ANALYZER_NONNULL = YES;
				CLANG_ANALYZER_NUMBER_OBJECT_CONVERSION = YES_AGGRESSIVE;
				CLANG_CXX_LANGUAGE_STANDARD = "gnu++17";
				CLANG_ENABLE_MODULES = YES;
				CLANG_ENABLE_OBJC_ARC = YES;
				CLANG_ENABLE_OBJC_WEAK = YES;
				CLANG_WARN_BLOCK_CAPTURE_AUTORELEASING = YES;
				CLANG_WARN_BOOL_CONVERSION = YES;
				CLANG_WARN_COMMA = YES;
				CLANG_WARN_CONSTANT_CONVERSION = YES;
				CLANG_WARN_DEPRECATED_OBJC_IMPLEMENTATIONS = YES;
				CLANG_WARN_DIRECT_OBJC_ISA_USAGE = YES_ERROR;
				CLANG_WARN_DOCUMENTATION_COMMENTS = YES;
				CLANG_WARN_EMPTY_BODY = YES;
				CLANG_WARN_ENUM_CONVERSION = YES;
				CLANG_WARN_INFINITE_RECURSION = YES;
				CLANG_WARN_INT_CONVERSION = YES;
				CLANG_WARN_NON_LITERAL_NULL_CONVERSION = YES;
				CLANG_WARN_OBJC_IMPLICIT_RETAIN_SELF = YES;
				CLANG_WARN_OBJC_LITERAL_CONVERSION = YES;
				CLANG_WARN_OBJC_ROOT_CLASS = YES_ERROR;
				CLANG_WARN_QUOTED_INCLUDE_IN_FRAMEWORK_HEADER = YES;
				CLANG_WARN_RANGE_LOOP_ANALYSIS = YES;
				CLANG_WARN_STRICT_PROTOTYPES = YES;
				CLANG_WARN_SUSPICIOUS_MOVE = YES;
				CLANG_WARN_UNGUARDED_AVAILABILITY = YES_AGGRESSIVE;
				CLANG_WARN_UNREACHABLE_CODE = YES;
				CLANG_WARN__DUPLICATE_METHOD_MATCH = YES;
				COPY_PHASE_STRIP = NO;
				DEBUG_INFORMATION_FORMAT = dwarf;
				ENABLE_STRICT_OBJC_MSGSEND = YES;
				ENABLE_TESTABILITY = YES;
				GCC_C_LANGUAGE_STANDARD = gnu11;
				GCC_DYNAMIC_NO_PIC = NO;
				GCC_NO_COMMON_BLOCKS = YES;
				GCC_OPTIMIZATION_LEVEL = 0;
				GCC_PREPROCESSOR_DEFINITIONS = (
					"DEBUG=1",
					"$(inherited)",
				);
				GCC_WARN_64_TO_32_BIT_CONVERSION = YES;
				GCC_WARN_ABOUT_RETURN_TYPE = YES_ERROR;
				GCC_WARN_UNDECLARED_SELECTOR = YES;
				GCC_WARN_UNINITIALIZED_AUTOS = YES_AGGRESSIVE;
				GCC_WARN_UNUSED_FUNCTION = YES;
				GCC_WARN_UNUSED_VARIABLE = YES;
				IPHONEOS_DEPLOYMENT_TARGET = 15.5;
				MTL_ENABLE_DEBUG_INFO = INCLUDE_SOURCE;
				MTL_FAST_MATH = YES;
				ONLY_ACTIVE_ARCH = YES;
				SDKROOT = iphoneos;
				SWIFT_ACTIVE_COMPILATION_CONDITIONS = DEBUG;
				SWIFT_OPTIMIZATION_LEVEL = "-Onone";
			};
			name = Debug;
		};
		779FD8C2289BA39E0093B90F /* Release */ = {
			isa = XCBuildConfiguration;
			buildSettings = {
				ALWAYS_SEARCH_USER_PATHS = NO;
				CLANG_ANALYZER_NONNULL = YES;
				CLANG_ANALYZER_NUMBER_OBJECT_CONVERSION = YES_AGGRESSIVE;
				CLANG_CXX_LANGUAGE_STANDARD = "gnu++17";
				CLANG_ENABLE_MODULES = YES;
				CLANG_ENABLE_OBJC_ARC = YES;
				CLANG_ENABLE_OBJC_WEAK = YES;
				CLANG_WARN_BLOCK_CAPTURE_AUTORELEASING = YES;
				CLANG_WARN_BOOL_CONVERSION = YES;
				CLANG_WARN_COMMA = YES;
				CLANG_WARN_CONSTANT_CONVERSION = YES;
				CLANG_WARN_DEPRECATED_OBJC_IMPLEMENTATIONS = YES;
				CLANG_WARN_DIRECT_OBJC_ISA_USAGE = YES_ERROR;
				CLANG_WARN_DOCUMENTATION_COMMENTS = YES;
				CLANG_WARN_EMPTY_BODY = YES;
				CLANG_WARN_ENUM_CONVERSION = YES;
				CLANG_WARN_INFINITE_RECURSION = YES;
				CLANG_WARN_INT_CONVERSION = YES;
				CLANG_WARN_NON_LITERAL_NULL_CONVERSION = YES;
				CLANG_WARN_OBJC_IMPLICIT_RETAIN_SELF = YES;
				CLANG_WARN_OBJC_LITERAL_CONVERSION = YES;
				CLANG_WARN_OBJC_ROOT_CLASS = YES_ERROR;
				CLANG_WARN_QUOTED_INCLUDE_IN_FRAMEWORK_HEADER = YES;
				CLANG_WARN_RANGE_LOOP_ANALYSIS = YES;
				CLANG_WARN_STRICT_PROTOTYPES = YES;
				CLANG_WARN_SUSPICIOUS_MOVE = YES;
				CLANG_WARN_UNGUARDED_AVAILABILITY = YES_AGGRESSIVE;
				CLANG_WARN_UNREACHABLE_CODE = YES;
				CLANG_WARN__DUPLICATE_METHOD_MATCH = YES;
				COPY_PHASE_STRIP = NO;
				DEBUG_INFORMATION_FORMAT = "dwarf-with-dsym";
				ENABLE_NS_ASSERTIONS = NO;
				ENABLE_STRICT_OBJC_MSGSEND = YES;
				GCC_C_LANGUAGE_STANDARD = gnu11;
				GCC_NO_COMMON_BLOCKS = YES;
				GCC_WARN_64_TO_32_BIT_CONVERSION = YES;
				GCC_WARN_ABOUT_RETURN_TYPE = YES_ERROR;
				GCC_WARN_UNDECLARED_SELECTOR = YES;
				GCC_WARN_UNINITIALIZED_AUTOS = YES_AGGRESSIVE;
				GCC_WARN_UNUSED_FUNCTION = YES;
				GCC_WARN_UNUSED_VARIABLE = YES;
				IPHONEOS_DEPLOYMENT_TARGET = 15.5;
				MTL_ENABLE_DEBUG_INFO = NO;
				MTL_FAST_MATH = YES;
				SDKROOT = iphoneos;
				SWIFT_COMPILATION_MODE = wholemodule;
				SWIFT_OPTIMIZATION_LEVEL = "-O";
				VALIDATE_PRODUCT = YES;
			};
			name = Release;
		};
		779FD8C4289BA39E0093B90F /* Debug */ = {
			isa = XCBuildConfiguration;
			buildSettings = {
				ASSETCATALOG_COMPILER_APPICON_NAME = AppIcon;
				ASSETCATALOG_COMPILER_GLOBAL_ACCENT_COLOR_NAME = AccentColor;
				CODE_SIGN_STYLE = Automatic;
				CURRENT_PROJECT_VERSION = 1;
				GENERATE_INFOPLIST_FILE = YES;
				INFOPLIST_FILE = "Job-GSM/Info.plist";
				INFOPLIST_KEY_UIApplicationSupportsIndirectInputEvents = YES;
				INFOPLIST_KEY_UILaunchStoryboardName = LaunchScreen;
				INFOPLIST_KEY_UISupportedInterfaceOrientations_iPad = "UIInterfaceOrientationPortrait UIInterfaceOrientationPortraitUpsideDown UIInterfaceOrientationLandscapeLeft UIInterfaceOrientationLandscapeRight";
				INFOPLIST_KEY_UISupportedInterfaceOrientations_iPhone = "UIInterfaceOrientationPortrait UIInterfaceOrientationLandscapeLeft UIInterfaceOrientationLandscapeRight";
				LD_RUNPATH_SEARCH_PATHS = (
					"$(inherited)",
					"@executable_path/Frameworks",
				);
				MARKETING_VERSION = 1.0;
				PRODUCT_BUNDLE_IDENTIFIER = "Minjae.Job-GSM";
				PRODUCT_NAME = "$(TARGET_NAME)";
				SWIFT_EMIT_LOC_STRINGS = YES;
				SWIFT_VERSION = 5.0;
				TARGETED_DEVICE_FAMILY = "1,2";
			};
			name = Debug;
		};
		779FD8C5289BA39E0093B90F /* Release */ = {
			isa = XCBuildConfiguration;
			buildSettings = {
				ASSETCATALOG_COMPILER_APPICON_NAME = AppIcon;
				ASSETCATALOG_COMPILER_GLOBAL_ACCENT_COLOR_NAME = AccentColor;
				CODE_SIGN_STYLE = Automatic;
				CURRENT_PROJECT_VERSION = 1;
				GENERATE_INFOPLIST_FILE = YES;
				INFOPLIST_FILE = "Job-GSM/Info.plist";
				INFOPLIST_KEY_UIApplicationSupportsIndirectInputEvents = YES;
				INFOPLIST_KEY_UILaunchStoryboardName = LaunchScreen;
				INFOPLIST_KEY_UISupportedInterfaceOrientations_iPad = "UIInterfaceOrientationPortrait UIInterfaceOrientationPortraitUpsideDown UIInterfaceOrientationLandscapeLeft UIInterfaceOrientationLandscapeRight";
				INFOPLIST_KEY_UISupportedInterfaceOrientations_iPhone = "UIInterfaceOrientationPortrait UIInterfaceOrientationLandscapeLeft UIInterfaceOrientationLandscapeRight";
				LD_RUNPATH_SEARCH_PATHS = (
					"$(inherited)",
					"@executable_path/Frameworks",
				);
				MARKETING_VERSION = 1.0;
				PRODUCT_BUNDLE_IDENTIFIER = "Minjae.Job-GSM";
				PRODUCT_NAME = "$(TARGET_NAME)";
				SWIFT_EMIT_LOC_STRINGS = YES;
				SWIFT_VERSION = 5.0;
				TARGETED_DEVICE_FAMILY = "1,2";
			};
			name = Release;
		};
/* End XCBuildConfiguration section */

/* Begin XCConfigurationList section */
		779FD8AA289BA39C0093B90F /* Build configuration list for PBXProject "Job-GSM" */ = {
			isa = XCConfigurationList;
			buildConfigurations = (
				779FD8C1289BA39E0093B90F /* Debug */,
				779FD8C2289BA39E0093B90F /* Release */,
			);
			defaultConfigurationIsVisible = 0;
			defaultConfigurationName = Release;
		};
		779FD8C3289BA39E0093B90F /* Build configuration list for PBXNativeTarget "Job-GSM" */ = {
			isa = XCConfigurationList;
			buildConfigurations = (
				779FD8C4289BA39E0093B90F /* Debug */,
				779FD8C5289BA39E0093B90F /* Release */,
			);
			defaultConfigurationIsVisible = 0;
			defaultConfigurationName = Release;
		};
/* End XCConfigurationList section */

/* Begin XCRemoteSwiftPackageReference section */
		7743A3DD28AE0E130089B473 /* XCRemoteSwiftPackageReference "SnapKit" */ = {
			isa = XCRemoteSwiftPackageReference;
			repositoryURL = "https://github.com/SnapKit/SnapKit";
			requirement = {
				branch = develop;
				kind = branch;
			};
		};
		7743A3E028AE0E260089B473 /* XCRemoteSwiftPackageReference "Then" */ = {
			isa = XCRemoteSwiftPackageReference;
			repositoryURL = "https://github.com/devxoul/Then";
			requirement = {
				branch = master;
				kind = branch;
			};
		};
		7743A40328B27A110089B473 /* XCRemoteSwiftPackageReference "DropDown" */ = {
			isa = XCRemoteSwiftPackageReference;
			repositoryURL = "https://github.com/AssistoLab/DropDown";
			requirement = {
				kind = upToNextMajorVersion;
				minimumVersion = 0.1.5;
			};
		};
		7743A40428B27A330089B473 /* XCRemoteSwiftPackageReference "DropDown" */ = {
			isa = XCRemoteSwiftPackageReference;
			repositoryURL = "https://github.com/AssistoLab/DropDown";
			requirement = {
				branch = master;
				kind = branch;
			};
		};
		77606FB228C4E10E00A53D91 /* XCRemoteSwiftPackageReference "Moya" */ = {
			isa = XCRemoteSwiftPackageReference;
			repositoryURL = "https://github.com/Moya/Moya";
			requirement = {
				branch = master;
				kind = branch;
			};
		};
/* End XCRemoteSwiftPackageReference section */

/* Begin XCSwiftPackageProductDependency section */
		7743A3DE28AE0E130089B473 /* SnapKit */ = {
			isa = XCSwiftPackageProductDependency;
			package = 7743A3DD28AE0E130089B473 /* XCRemoteSwiftPackageReference "SnapKit" */;
			productName = SnapKit;
		};
		7743A3E128AE0E260089B473 /* Then */ = {
			isa = XCSwiftPackageProductDependency;
			package = 7743A3E028AE0E260089B473 /* XCRemoteSwiftPackageReference "Then" */;
			productName = Then;
		};
		7743A40528B27A330089B473 /* DropDown */ = {
			isa = XCSwiftPackageProductDependency;
			package = 7743A40428B27A330089B473 /* XCRemoteSwiftPackageReference "DropDown" */;
			productName = DropDown;
		};
		77606FB328C4E10E00A53D91 /* Moya */ = {
			isa = XCSwiftPackageProductDependency;
			package = 77606FB228C4E10E00A53D91 /* XCRemoteSwiftPackageReference "Moya" */;
			productName = Moya;
		};
/* End XCSwiftPackageProductDependency section */
	};
	rootObject = 779FD8A7289BA39C0093B90F /* Project object */;
}
